// !$*UTF8*$!
{
	archiveVersion = 1;
	classes = {
	};
	objectVersion = 46;
	objects = {

/* Begin PBXBuildFile section */
		30D343BC1EAD9D7B00518513 /* AppDelegate.swift in Sources */ = {isa = PBXBuildFile; fileRef = 30D343BB1EAD9D7B00518513 /* AppDelegate.swift */; };
		30D343BE1EAD9D7B00518513 /* MasterViewController.swift in Sources */ = {isa = PBXBuildFile; fileRef = 30D343BD1EAD9D7B00518513 /* MasterViewController.swift */; };
		30D343C01EAD9D7B00518513 /* DetailViewController.swift in Sources */ = {isa = PBXBuildFile; fileRef = 30D343BF1EAD9D7B00518513 /* DetailViewController.swift */; };
		30D343C31EAD9D7B00518513 /* Main.storyboard in Resources */ = {isa = PBXBuildFile; fileRef = 30D343C11EAD9D7B00518513 /* Main.storyboard */; };
		30D343C51EAD9D7B00518513 /* Assets.xcassets in Resources */ = {isa = PBXBuildFile; fileRef = 30D343C41EAD9D7B00518513 /* Assets.xcassets */; };
		30D343C81EAD9D7B00518513 /* LaunchScreen.storyboard in Resources */ = {isa = PBXBuildFile; fileRef = 30D343C61EAD9D7B00518513 /* LaunchScreen.storyboard */; };
		30D343D31EAD9D7B00518513 /* E_StudentsTests.swift in Sources */ = {isa = PBXBuildFile; fileRef = 30D343D21EAD9D7B00518513 /* E_StudentsTests.swift */; };
		30D343DE1EAD9D7B00518513 /* E_StudentsUITests.swift in Sources */ = {isa = PBXBuildFile; fileRef = 30D343DD1EAD9D7B00518513 /* E_StudentsUITests.swift */; };
/* End PBXBuildFile section */

/* Begin PBXContainerItemProxy section */
		30D343CF1EAD9D7B00518513 /* PBXContainerItemProxy */ = {
			isa = PBXContainerItemProxy;
			containerPortal = 30D343B01EAD9D7B00518513 /* Project object */;
			proxyType = 1;
			remoteGlobalIDString = 30D343B71EAD9D7B00518513;
			remoteInfo = "E-Students";
		};
		30D343DA1EAD9D7B00518513 /* PBXContainerItemProxy */ = {
			isa = PBXContainerItemProxy;
			containerPortal = 30D343B01EAD9D7B00518513 /* Project object */;
			proxyType = 1;
			remoteGlobalIDString = 30D343B71EAD9D7B00518513;
			remoteInfo = "E-Students";
		};
/* End PBXContainerItemProxy section */

/* Begin PBXFileReference section */
		30D343B81EAD9D7B00518513 /* E-Students.app */ = {isa = PBXFileReference; explicitFileType = wrapper.application; includeInIndex = 0; path = "E-Students.app"; sourceTree = BUILT_PRODUCTS_DIR; };
		30D343BB1EAD9D7B00518513 /* AppDelegate.swift */ = {isa = PBXFileReference; lastKnownFileType = sourcecode.swift; path = AppDelegate.swift; sourceTree = "<group>"; };
		30D343BD1EAD9D7B00518513 /* MasterViewController.swift */ = {isa = PBXFileReference; lastKnownFileType = sourcecode.swift; path = MasterViewController.swift; sourceTree = "<group>"; };
		30D343BF1EAD9D7B00518513 /* DetailViewController.swift */ = {isa = PBXFileReference; lastKnownFileType = sourcecode.swift; path = DetailViewController.swift; sourceTree = "<group>"; };
		30D343C21EAD9D7B00518513 /* Base */ = {isa = PBXFileReference; lastKnownFileType = file.storyboard; name = Base; path = Base.lproj/Main.storyboard; sourceTree = "<group>"; };
		30D343C41EAD9D7B00518513 /* Assets.xcassets */ = {isa = PBXFileReference; lastKnownFileType = folder.assetcatalog; path = Assets.xcassets; sourceTree = "<group>"; };
		30D343C71EAD9D7B00518513 /* Base */ = {isa = PBXFileReference; lastKnownFileType = file.storyboard; name = Base; path = Base.lproj/LaunchScreen.storyboard; sourceTree = "<group>"; };
		30D343C91EAD9D7B00518513 /* Info.plist */ = {isa = PBXFileReference; lastKnownFileType = text.plist.xml; path = Info.plist; sourceTree = "<group>"; };
		30D343CE1EAD9D7B00518513 /* E-StudentsTests.xctest */ = {isa = PBXFileReference; explicitFileType = wrapper.cfbundle; includeInIndex = 0; path = "E-StudentsTests.xctest"; sourceTree = BUILT_PRODUCTS_DIR; };
		30D343D21EAD9D7B00518513 /* E_StudentsTests.swift */ = {isa = PBXFileReference; lastKnownFileType = sourcecode.swift; path = E_StudentsTests.swift; sourceTree = "<group>"; };
		30D343D41EAD9D7B00518513 /* Info.plist */ = {isa = PBXFileReference; lastKnownFileType = text.plist.xml; path = Info.plist; sourceTree = "<group>"; };
		30D343D91EAD9D7B00518513 /* E-StudentsUITests.xctest */ = {isa = PBXFileReference; explicitFileType = wrapper.cfbundle; includeInIndex = 0; path = "E-StudentsUITests.xctest"; sourceTree = BUILT_PRODUCTS_DIR; };
		30D343DD1EAD9D7B00518513 /* E_StudentsUITests.swift */ = {isa = PBXFileReference; lastKnownFileType = sourcecode.swift; path = E_StudentsUITests.swift; sourceTree = "<group>"; };
		30D343DF1EAD9D7B00518513 /* Info.plist */ = {isa = PBXFileReference; lastKnownFileType = text.plist.xml; path = Info.plist; sourceTree = "<group>"; };
/* End PBXFileReference section */

/* Begin PBXFrameworksBuildPhase section */
		30D343B51EAD9D7B00518513 /* Frameworks */ = {
			isa = PBXFrameworksBuildPhase;
			buildActionMask = 2147483647;
			files = (
			);
			runOnlyForDeploymentPostprocessing = 0;
		};
		30D343CB1EAD9D7B00518513 /* Frameworks */ = {
			isa = PBXFrameworksBuildPhase;
			buildActionMask = 2147483647;
			files = (
			);
			runOnlyForDeploymentPostprocessing = 0;
		};
		30D343D61EAD9D7B00518513 /* Frameworks */ = {
			isa = PBXFrameworksBuildPhase;
			buildActionMask = 2147483647;
			files = (
			);
			runOnlyForDeploymentPostprocessing = 0;
		};
/* End PBXFrameworksBuildPhase section */

/* Begin PBXGroup section */
		30D343AF1EAD9D7B00518513 = {
			isa = PBXGroup;
			children = (
				30D343BA1EAD9D7B00518513 /* E-Students */,
				30D343D11EAD9D7B00518513 /* E-StudentsTests */,
				30D343DC1EAD9D7B00518513 /* E-StudentsUITests */,
				30D343B91EAD9D7B00518513 /* Products */,
			);
			sourceTree = "<group>";
		};
		30D343B91EAD9D7B00518513 /* Products */ = {
			isa = PBXGroup;
			children = (
				30D343B81EAD9D7B00518513 /* E-Students.app */,
				30D343CE1EAD9D7B00518513 /* E-StudentsTests.xctest */,
				30D343D91EAD9D7B00518513 /* E-StudentsUITests.xctest */,
			);
			name = Products;
			sourceTree = "<group>";
		};
		30D343BA1EAD9D7B00518513 /* E-Students */ = {
			isa = PBXGroup;
			children = (
				30D343BB1EAD9D7B00518513 /* AppDelegate.swift */,
				30D343BD1EAD9D7B00518513 /* MasterViewController.swift */,
				30D343BF1EAD9D7B00518513 /* DetailViewController.swift */,
				30D343C11EAD9D7B00518513 /* Main.storyboard */,
				30D343C41EAD9D7B00518513 /* Assets.xcassets */,
				30D343C61EAD9D7B00518513 /* LaunchScreen.storyboard */,
				30D343C91EAD9D7B00518513 /* Info.plist */,
			);
			path = "E-Students";
			sourceTree = "<group>";
		};
		30D343D11EAD9D7B00518513 /* E-StudentsTests */ = {
			isa = PBXGroup;
			children = (
				30D343D21EAD9D7B00518513 /* E_StudentsTests.swift */,
				30D343D41EAD9D7B00518513 /* Info.plist */,
			);
			path = "E-StudentsTests";
			sourceTree = "<group>";
		};
		30D343DC1EAD9D7B00518513 /* E-StudentsUITests */ = {
			isa = PBXGroup;
			children = (
				30D343DD1EAD9D7B00518513 /* E_StudentsUITests.swift */,
				30D343DF1EAD9D7B00518513 /* Info.plist */,
			);
			path = "E-StudentsUITests";
			sourceTree = "<group>";
		};
/* End PBXGroup section */

/* Begin PBXNativeTarget section */
		30D343B71EAD9D7B00518513 /* E-Students */ = {
			isa = PBXNativeTarget;
			buildConfigurationList = 30D343E21EAD9D7B00518513 /* Build configuration list for PBXNativeTarget "E-Students" */;
			buildPhases = (
				30D343B41EAD9D7B00518513 /* Sources */,
				30D343B51EAD9D7B00518513 /* Frameworks */,
				30D343B61EAD9D7B00518513 /* Resources */,
			);
			buildRules = (
			);
			dependencies = (
			);
			name = "E-Students";
			productName = "E-Students";
			productReference = 30D343B81EAD9D7B00518513 /* E-Students.app */;
			productType = "com.apple.product-type.application";
		};
		30D343CD1EAD9D7B00518513 /* E-StudentsTests */ = {
			isa = PBXNativeTarget;
			buildConfigurationList = 30D343E51EAD9D7B00518513 /* Build configuration list for PBXNativeTarget "E-StudentsTests" */;
			buildPhases = (
				30D343CA1EAD9D7B00518513 /* Sources */,
				30D343CB1EAD9D7B00518513 /* Frameworks */,
				30D343CC1EAD9D7B00518513 /* Resources */,
			);
			buildRules = (
			);
			dependencies = (
				30D343D01EAD9D7B00518513 /* PBXTargetDependency */,
			);
			name = "E-StudentsTests";
			productName = "E-StudentsTests";
			productReference = 30D343CE1EAD9D7B00518513 /* E-StudentsTests.xctest */;
			productType = "com.apple.product-type.bundle.unit-test";
		};
		30D343D81EAD9D7B00518513 /* E-StudentsUITests */ = {
			isa = PBXNativeTarget;
			buildConfigurationList = 30D343E81EAD9D7B00518513 /* Build configuration list for PBXNativeTarget "E-StudentsUITests" */;
			buildPhases = (
				30D343D51EAD9D7B00518513 /* Sources */,
				30D343D61EAD9D7B00518513 /* Frameworks */,
				30D343D71EAD9D7B00518513 /* Resources */,
			);
			buildRules = (
			);
			dependencies = (
				30D343DB1EAD9D7B00518513 /* PBXTargetDependency */,
			);
			name = "E-StudentsUITests";
			productName = "E-StudentsUITests";
			productReference = 30D343D91EAD9D7B00518513 /* E-StudentsUITests.xctest */;
			productType = "com.apple.product-type.bundle.ui-testing";
		};
/* End PBXNativeTarget section */

/* Begin PBXProject section */
		30D343B01EAD9D7B00518513 /* Project object */ = {
			isa = PBXProject;
			attributes = {
				LastSwiftUpdateCheck = 0820;
				LastUpgradeCheck = 0820;
				ORGANIZATIONNAME = "Jianfeng Xu";
				TargetAttributes = {
					30D343B71EAD9D7B00518513 = {
						CreatedOnToolsVersion = 8.2;
						DevelopmentTeam = XD2MFZ24QQ;
						ProvisioningStyle = Automatic;
					};
					30D343CD1EAD9D7B00518513 = {
						CreatedOnToolsVersion = 8.2;
						ProvisioningStyle = Automatic;
						TestTargetID = 30D343B71EAD9D7B00518513;
					};
					30D343D81EAD9D7B00518513 = {
						CreatedOnToolsVersion = 8.2;
						ProvisioningStyle = Automatic;
						TestTargetID = 30D343B71EAD9D7B00518513;
					};
				};
			};
			buildConfigurationList = 30D343B31EAD9D7B00518513 /* Build configuration list for PBXProject "E-Students" */;
			compatibilityVersion = "Xcode 3.2";
			developmentRegion = English;
			hasScannedForEncodings = 0;
			knownRegions = (
				en,
				Base,
			);
			mainGroup = 30D343AF1EAD9D7B00518513;
			productRefGroup = 30D343B91EAD9D7B00518513 /* Products */;
			projectDirPath = "";
			projectRoot = "";
			targets = (
				30D343B71EAD9D7B00518513 /* E-Students */,
				30D343CD1EAD9D7B00518513 /* E-StudentsTests */,
				30D343D81EAD9D7B00518513 /* E-StudentsUITests */,
			);
		};
/* End PBXProject section */

/* Begin PBXResourcesBuildPhase section */
		30D343B61EAD9D7B00518513 /* Resources */ = {
			isa = PBXResourcesBuildPhase;
			buildActionMask = 2147483647;
			files = (
				30D343C81EAD9D7B00518513 /* LaunchScreen.storyboard in Resources */,
				30D343C51EAD9D7B00518513 /* Assets.xcassets in Resources */,
				30D343C31EAD9D7B00518513 /* Main.storyboard in Resources */,
			);
			runOnlyForDeploymentPostprocessing = 0;
		};
		30D343CC1EAD9D7B00518513 /* Resources */ = {
			isa = PBXResourcesBuildPhase;
			buildActionMask = 2147483647;
			files = (
			);
			runOnlyForDeploymentPostprocessing = 0;
		};
		30D343D71EAD9D7B00518513 /* Resources */ = {
			isa = PBXResourcesBuildPhase;
			buildActionMask = 2147483647;
			files = (
			);
			runOnlyForDeploymentPostprocessing = 0;
		};
/* End PBXResourcesBuildPhase section */

/* Begin PBXSourcesBuildPhase section */
		30D343B41EAD9D7B00518513 /* Sources */ = {
			isa = PBXSourcesBuildPhase;
			buildActionMask = 2147483647;
			files = (
				30D343C01EAD9D7B00518513 /* DetailViewController.swift in Sources */,
				30D343BE1EAD9D7B00518513 /* MasterViewController.swift in Sources */,
				30D343BC1EAD9D7B00518513 /* AppDelegate.swift in Sources */,
			);
			runOnlyForDeploymentPostprocessing = 0;
		};
		30D343CA1EAD9D7B00518513 /* Sources */ = {
			isa = PBXSourcesBuildPhase;
			buildActionMask = 2147483647;
			files = (
				30D343D31EAD9D7B00518513 /* E_StudentsTests.swift in Sources */,
			);
			runOnlyForDeploymentPostprocessing = 0;
		};
		30D343D51EAD9D7B00518513 /* Sources */ = {
			isa = PBXSourcesBuildPhase;
			buildActionMask = 2147483647;
			files = (
				30D343DE1EAD9D7B00518513 /* E_StudentsUITests.swift in Sources */,
			);
			runOnlyForDeploymentPostprocessing = 0;
		};
/* End PBXSourcesBuildPhase section */

/* Begin PBXTargetDependency section */
		30D343D01EAD9D7B00518513 /* PBXTargetDependency */ = {
			isa = PBXTargetDependency;
			target = 30D343B71EAD9D7B00518513 /* E-Students */;
			targetProxy = 30D343CF1EAD9D7B00518513 /* PBXContainerItemProxy */;
		};
		30D343DB1EAD9D7B00518513 /* PBXTargetDependency */ = {
			isa = PBXTargetDependency;
			target = 30D343B71EAD9D7B00518513 /* E-Students */;
			targetProxy = 30D343DA1EAD9D7B00518513 /* PBXContainerItemProxy */;
		};
/* End PBXTargetDependency section */

/* Begin PBXVariantGroup section */
		30D343C11EAD9D7B00518513 /* Main.storyboard */ = {
			isa = PBXVariantGroup;
			children = (
				30D343C21EAD9D7B00518513 /* Base */,
			);
			name = Main.storyboard;
			sourceTree = "<group>";
		};
		30D343C61EAD9D7B00518513 /* LaunchScreen.storyboard */ = {
			isa = PBXVariantGroup;
			children = (
				30D343C71EAD9D7B00518513 /* Base */,
			);
			name = LaunchScreen.storyboard;
			sourceTree = "<group>";
		};
/* End PBXVariantGroup section */

/* Begin XCBuildConfiguration section */
		30D343E01EAD9D7B00518513 /* Debug */ = {
			isa = XCBuildConfiguration;
			buildSettings = {
				ALWAYS_SEARCH_USER_PATHS = NO;
				CLANG_ANALYZER_NONNULL = YES;
				CLANG_CXX_LANGUAGE_STANDARD = "gnu++0x";
				CLANG_CXX_LIBRARY = "libc++";
				CLANG_ENABLE_MODULES = YES;
				CLANG_ENABLE_OBJC_ARC = YES;
				CLANG_WARN_BOOL_CONVERSION = YES;
				CLANG_WARN_CONSTANT_CONVERSION = YES;
				CLANG_WARN_DIRECT_OBJC_ISA_USAGE = YES_ERROR;
				CLANG_WARN_DOCUMENTATION_COMMENTS = YES;
				CLANG_WARN_EMPTY_BODY = YES;
				CLANG_WARN_ENUM_CONVERSION = YES;
				CLANG_WARN_INFINITE_RECURSION = YES;
				CLANG_WARN_INT_CONVERSION = YES;
				CLANG_WARN_OBJC_ROOT_CLASS = YES_ERROR;
				CLANG_WARN_SUSPICIOUS_MOVE = YES;
				CLANG_WARN_UNREACHABLE_CODE = YES;
				CLANG_WARN__DUPLICATE_METHOD_MATCH = YES;
				"CODE_SIGN_IDENTITY[sdk=iphoneos*]" = "iPhone Developer";
				COPY_PHASE_STRIP = NO;
				DEBUG_INFORMATION_FORMAT = dwarf;
				ENABLE_STRICT_OBJC_MSGSEND = YES;
				ENABLE_TESTABILITY = YES;
				GCC_C_LANGUAGE_STANDARD = gnu99;
				GCC_DYNAMIC_NO_PIC = NO;
				GCC_NO_COMMON_BLOCKS = YES;
				GCC_OPTIMIZATION_LEVEL = 0;
				GCC_PREPROCESSOR_DEFINITIONS = (
					"DEBUG=1",
					"$(inherited)",
				);
				GCC_WARN_64_TO_32_BIT_CONVERSION = YES;
				GCC_WARN_ABOUT_RETURN_TYPE = YES_ERROR;
				GCC_WARN_UNDECLARED_SELECTOR = YES;
				GCC_WARN_UNINITIALIZED_AUTOS = YES_AGGRESSIVE;
				GCC_WARN_UNUSED_FUNCTION = YES;
				GCC_WARN_UNUSED_VARIABLE = YES;
				IPHONEOS_DEPLOYMENT_TARGET = 10.2;
				MTL_ENABLE_DEBUG_INFO = YES;
				ONLY_ACTIVE_ARCH = YES;
				SDKROOT = iphoneos;
				SWIFT_ACTIVE_COMPILATION_CONDITIONS = DEBUG;
				SWIFT_OPTIMIZATION_LEVEL = "-Onone";
				TARGETED_DEVICE_FAMILY = "1,2";
			};
			name = Debug;
		};
		30D343E11EAD9D7B00518513 /* Release */ = {
			isa = XCBuildConfiguration;
			buildSettings = {
				ALWAYS_SEARCH_USER_PATHS = NO;
				CLANG_ANALYZER_NONNULL = YES;
				CLANG_CXX_LANGUAGE_STANDARD = "gnu++0x";
				CLANG_CXX_LIBRARY = "libc++";
				CLANG_ENABLE_MODULES = YES;
				CLANG_ENABLE_OBJC_ARC = YES;
				CLANG_WARN_BOOL_CONVERSION = YES;
				CLANG_WARN_CONSTANT_CONVERSION = YES;
				CLANG_WARN_DIRECT_OBJC_ISA_USAGE = YES_ERROR;
				CLANG_WARN_DOCUMENTATION_COMMENTS = YES;
				CLANG_WARN_EMPTY_BODY = YES;
				CLANG_WARN_ENUM_CONVERSION = YES;
				CLANG_WARN_INFINITE_RECURSION = YES;
				CLANG_WARN_INT_CONVERSION = YES;
				CLANG_WARN_OBJC_ROOT_CLASS = YES_ERROR;
				CLANG_WARN_SUSPICIOUS_MOVE = YES;
				CLANG_WARN_UNREACHABLE_CODE = YES;
				CLANG_WARN__DUPLICATE_METHOD_MATCH = YES;
				"CODE_SIGN_IDENTITY[sdk=iphoneos*]" = "iPhone Developer";
				COPY_PHASE_STRIP = NO;
				DEBUG_INFORMATION_FORMAT = "dwarf-with-dsym";
				ENABLE_NS_ASSERTIONS = NO;
				ENABLE_STRICT_OBJC_MSGSEND = YES;
				GCC_C_LANGUAGE_STANDARD = gnu99;
				GCC_NO_COMMON_BLOCKS = YES;
				GCC_WARN_64_TO_32_BIT_CONVERSION = YES;
				GCC_WARN_ABOUT_RETURN_TYPE = YES_ERROR;
				GCC_WARN_UNDECLARED_SELECTOR = YES;
				GCC_WARN_UNINITIALIZED_AUTOS = YES_AGGRESSIVE;
				GCC_WARN_UNUSED_FUNCTION = YES;
				GCC_WARN_UNUSED_VARIABLE = YES;
				IPHONEOS_DEPLOYMENT_TARGET = 10.2;
				MTL_ENABLE_DEBUG_INFO = NO;
				SDKROOT = iphoneos;
				SWIFT_OPTIMIZATION_LEVEL = "-Owholemodule";
				TARGETED_DEVICE_FAMILY = "1,2";
				VALIDATE_PRODUCT = YES;
			};
			name = Release;
		};
		30D343E31EAD9D7B00518513 /* Debug */ = {
			isa = XCBuildConfiguration;
			buildSettings = {
				ASSETCATALOG_COMPILER_APPICON_NAME = AppIcon;
				DEVELOPMENT_TEAM = XD2MFZ24QQ;
				INFOPLIST_FILE = "E-Students/Info.plist";
				LD_RUNPATH_SEARCH_PATHS = "$(inherited) @executable_path/Frameworks";
				PRODUCT_BUNDLE_IDENTIFIER = "YiJiaoKongJian.E-Students";
				PRODUCT_NAME = "$(TARGET_NAME)";
				SWIFT_VERSION = 3.0;
			};
			name = Debug;
		};
		30D343E41EAD9D7B00518513 /* Release */ = {
			isa = XCBuildConfiguration;
			buildSettings = {
				ASSETCATALOG_COMPILER_APPICON_NAME = AppIcon;
				DEVELOPMENT_TEAM = XD2MFZ24QQ;
				INFOPLIST_FILE = "E-Students/Info.plist";
				LD_RUNPATH_SEARCH_PATHS = "$(inherited) @executable_path/Frameworks";
				PRODUCT_BUNDLE_IDENTIFIER = "YiJiaoKongJian.E-Students";
				PRODUCT_NAME = "$(TARGET_NAME)";
				SWIFT_VERSION = 3.0;
			};
			name = Release;
		};
		30D343E61EAD9D7B00518513 /* Debug */ = {
			isa = XCBuildConfiguration;
			buildSettings = {
				ALWAYS_EMBED_SWIFT_STANDARD_LIBRARIES = YES;
				BUNDLE_LOADER = "$(TEST_HOST)";
				INFOPLIST_FILE = "E-StudentsTests/Info.plist";
				LD_RUNPATH_SEARCH_PATHS = "$(inherited) @executable_path/Frameworks @loader_path/Frameworks";
				PRODUCT_BUNDLE_IDENTIFIER = "YiJiaoKongJian.E-StudentsTests";
				PRODUCT_NAME = "$(TARGET_NAME)";
				SWIFT_VERSION = 3.0;
				TEST_HOST = "$(BUILT_PRODUCTS_DIR)/E-Students.app/E-Students";
			};
			name = Debug;
		};
		30D343E71EAD9D7B00518513 /* Release */ = {
			isa = XCBuildConfiguration;
			buildSettings = {
				ALWAYS_EMBED_SWIFT_STANDARD_LIBRARIES = YES;
				BUNDLE_LOADER = "$(TEST_HOST)";
				INFOPLIST_FILE = "E-StudentsTests/Info.plist";
				LD_RUNPATH_SEARCH_PATHS = "$(inherited) @executable_path/Frameworks @loader_path/Frameworks";
				PRODUCT_BUNDLE_IDENTIFIER = "YiJiaoKongJian.E-StudentsTests";
				PRODUCT_NAME = "$(TARGET_NAME)";
				SWIFT_VERSION = 3.0;
				TEST_HOST = "$(BUILT_PRODUCTS_DIR)/E-Students.app/E-Students";
			};
			name = Release;
		};
		30D343E91EAD9D7B00518513 /* Debug */ = {
			isa = XCBuildConfiguration;
			buildSettings = {
				ALWAYS_EMBED_SWIFT_STANDARD_LIBRARIES = YES;
				INFOPLIST_FILE = "E-StudentsUITests/Info.plist";
				LD_RUNPATH_SEARCH_PATHS = "$(inherited) @executable_path/Frameworks @loader_path/Frameworks";
				PRODUCT_BUNDLE_IDENTIFIER = "YiJiaoKongJian.E-StudentsUITests";
				PRODUCT_NAME = "$(TARGET_NAME)";
				SWIFT_VERSION = 3.0;
				TEST_TARGET_NAME = "E-Students";
			};
			name = Debug;
		};
		30D343EA1EAD9D7B00518513 /* Release */ = {
			isa = XCBuildConfiguration;
			buildSettings = {
				ALWAYS_EMBED_SWIFT_STANDARD_LIBRARIES = YES;
				INFOPLIST_FILE = "E-StudentsUITests/Info.plist";
				LD_RUNPATH_SEARCH_PATHS = "$(inherited) @executable_path/Frameworks @loader_path/Frameworks";
				PRODUCT_BUNDLE_IDENTIFIER = "YiJiaoKongJian.E-StudentsUITests";
				PRODUCT_NAME = "$(TARGET_NAME)";
				SWIFT_VERSION = 3.0;
				TEST_TARGET_NAME = "E-Students";
			};
			name = Release;
		};
/* End XCBuildConfiguration section */

/* Begin XCConfigurationList section */
		30D343B31EAD9D7B00518513 /* Build configuration list for PBXProject "E-Students" */ = {
			isa = XCConfigurationList;
			buildConfigurations = (
				30D343E01EAD9D7B00518513 /* Debug */,
				30D343E11EAD9D7B00518513 /* Release */,
			);
			defaultConfigurationIsVisible = 0;
			defaultConfigurationName = Release;
		};
		30D343E21EAD9D7B00518513 /* Build configuration list for PBXNativeTarget "E-Students" */ = {
			isa = XCConfigurationList;
			buildConfigurations = (
				30D343E31EAD9D7B00518513 /* Debug */,
				30D343E41EAD9D7B00518513 /* Release */,
			);
			defaultConfigurationIsVisible = 0;
		};
		30D343E51EAD9D7B00518513 /* Build configuration list for PBXNativeTarget "E-StudentsTests" */ = {
			isa = XCConfigurationList;
			buildConfigurations = (
				30D343E61EAD9D7B00518513 /* Debug */,
				30D343E71EAD9D7B00518513 /* Release */,
			);
			defaultConfigurationIsVisible = 0;
		};
		30D343E81EAD9D7B00518513 /* Build configuration list for PBXNativeTarget "E-StudentsUITests" */ = {
			isa = XCConfigurationList;
			buildConfigurations = (
				30D343E91EAD9D7B00518513 /* Debug */,
				30D343EA1EAD9D7B00518513 /* Release */,
			);
			defaultConfigurationIsVisible = 0;
		};
/* End XCConfigurationList section */
	};
	rootObject = 30D343B01EAD9D7B00518513 /* Project object */;
}
